
Microsoft Visual Studio Solution File, Format Version 12.00
# Visual Studio Version 17
VisualStudioVersion = 17.2.32616.157
MinimumVisualStudioVersion = 10.0.40219.1
Project("{FAE04EC0-301F-11D3-BF4B-00C04F79EFBC}") = "convert_to_JSON", "convert_to_JSON\convert_to_JSON.csproj", "{A79386E5-5301-4D4E-A576-ED5122B6AD3F}"
EndProject
Global
	GlobalSection(SolutionConfigurationPlatforms) = preSolution
		Debug|Any CPU = Debug|Any CPU
		Release|Any CPU = Release|Any CPU
	EndGlobalSection
	GlobalSection(ProjectConfigurationPlatforms) = postSolution
		{A79386E5-5301-4D4E-A576-ED5122B6AD3F}.Debug|Any CPU.ActiveCfg = Debug|Any CPU
		{A79386E5-5301-4D4E-A576-ED5122B6AD3F}.Debug|Any CPU.Build.0 = Debug|Any CPU
		{A79386E5-5301-4D4E-A576-ED5122B6AD3F}.Release|Any CPU.ActiveCfg = Release|Any CPU
		{A79386E5-5301-4D4E-A576-ED5122B6AD3F}.Release|Any CPU.Build.0 = Release|Any CPU
	EndGlobalSection
	GlobalSection(SolutionProperties) = preSolution
		HideSolutionNode = FALSE
	EndGlobalSection
	GlobalSection(ExtensibilityGlobals) = postSolution
		SolutionGuid = {36C2C343-BE32-435C-9025-5162040604E8}
	EndGlobalSection
EndGlobal
