
Microsoft Visual Studio Solution File, Format Version 12.00
# Visual Studio Version 17
VisualStudioVersion = 17.4.33205.214
MinimumVisualStudioVersion = 10.0.40219.1
Project("{FAE04EC0-301F-11D3-BF4B-00C04F79EFBC}") = "xmlClassesForLexicon", "xmlClassesForLexicon\xmlClassesForLexicon.csproj", "{AA60493B-4251-4EB3-9BFD-F8884BE82FF7}"
EndProject
Global
	GlobalSection(SolutionConfigurationPlatforms) = preSolution
		Debug|Any CPU = Debug|Any CPU
		Release|Any CPU = Release|Any CPU
	EndGlobalSection
	GlobalSection(ProjectConfigurationPlatforms) = postSolution
		{AA60493B-4251-4EB3-9BFD-F8884BE82FF7}.Debug|Any CPU.ActiveCfg = Debug|Any CPU
		{AA60493B-4251-4EB3-9BFD-F8884BE82FF7}.Debug|Any CPU.Build.0 = Debug|Any CPU
		{AA60493B-4251-4EB3-9BFD-F8884BE82FF7}.Release|Any CPU.ActiveCfg = Release|Any CPU
		{AA60493B-4251-4EB3-9BFD-F8884BE82FF7}.Release|Any CPU.Build.0 = Release|Any CPU
	EndGlobalSection
	GlobalSection(SolutionProperties) = preSolution
		HideSolutionNode = FALSE
	EndGlobalSection
	GlobalSection(ExtensibilityGlobals) = postSolution
		SolutionGuid = {A124A9FB-FEF3-4BDC-8A0F-DDC47B9030CC}
	EndGlobalSection
EndGlobal
